
Microsoft Visual Studio Solution File, Format Version 12.00
# Visual Studio 2012
Project("{FAE04EC0-301F-11D3-BF4B-00C04F79EFBC}") = "UGD8155B", "UGD8155B\UGD8155B.csproj", "{86B96679-59D3-47F2-9FB5-375FD856E059}"
EndProject
Global
	GlobalSection(SolutionConfigurationPlatforms) = preSolution
		Debug|Any CPU = Debug|Any CPU
		Release|Any CPU = Release|Any CPU
	EndGlobalSection
	GlobalSection(ProjectConfigurationPlatforms) = postSolution
		{86B96679-59D3-47F2-9FB5-375FD856E059}.Debug|Any CPU.ActiveCfg = Debug|Any CPU
		{86B96679-59D3-47F2-9FB5-375FD856E059}.Debug|Any CPU.Build.0 = Debug|Any CPU
		{86B96679-59D3-47F2-9FB5-375FD856E059}.Release|Any CPU.ActiveCfg = Release|Any CPU
		{86B96679-59D3-47F2-9FB5-375FD856E059}.Release|Any CPU.Build.0 = Release|Any CPU
	EndGlobalSection
	GlobalSection(SolutionProperties) = preSolution
		HideSolutionNode = FALSE
	EndGlobalSection
EndGlobal
